
Microsoft Visual Studio Solution File, Format Version 12.00
# Visual Studio Version 16
VisualStudioVersion = 16.0.31005.135
MinimumVisualStudioVersion = 10.0.40219.1
Project("{9A19103F-16F7-4668-BE54-9A1E7A4F7556}") = "BlazorAppTest.Server", "Server\BlazorAppTest.Server.csproj", "{1FCB2D89-ACA0-4CFB-A008-7DF6F0FFF848}"
EndProject
Project("{9A19103F-16F7-4668-BE54-9A1E7A4F7556}") = "BlazorAppTest.Client", "Client\BlazorAppTest.Client.csproj", "{140C770E-0D4C-4C04-8F90-141D90B48BB8}"
EndProject
Project("{9A19103F-16F7-4668-BE54-9A1E7A4F7556}") = "BlazorAppTest.Shared", "Shared\BlazorAppTest.Shared.csproj", "{0AA0BFA5-04D5-4A94-A308-D0B39B136509}"
EndProject
Global
	GlobalSection(SolutionConfigurationPlatforms) = preSolution
		Debug|Any CPU = Debug|Any CPU
		Release|Any CPU = Release|Any CPU
	EndGlobalSection
	GlobalSection(ProjectConfigurationPlatforms) = postSolution
		{1FCB2D89-ACA0-4CFB-A008-7DF6F0FFF848}.Debug|Any CPU.ActiveCfg = Debug|Any CPU
		{1FCB2D89-ACA0-4CFB-A008-7DF6F0FFF848}.Debug|Any CPU.Build.0 = Debug|Any CPU
		{1FCB2D89-ACA0-4CFB-A008-7DF6F0FFF848}.Release|Any CPU.ActiveCfg = Release|Any CPU
		{1FCB2D89-ACA0-4CFB-A008-7DF6F0FFF848}.Release|Any CPU.Build.0 = Release|Any CPU
		{140C770E-0D4C-4C04-8F90-141D90B48BB8}.Debug|Any CPU.ActiveCfg = Debug|Any CPU
		{140C770E-0D4C-4C04-8F90-141D90B48BB8}.Debug|Any CPU.Build.0 = Debug|Any CPU
		{140C770E-0D4C-4C04-8F90-141D90B48BB8}.Release|Any CPU.ActiveCfg = Release|Any CPU
		{140C770E-0D4C-4C04-8F90-141D90B48BB8}.Release|Any CPU.Build.0 = Release|Any CPU
		{0AA0BFA5-04D5-4A94-A308-D0B39B136509}.Debug|Any CPU.ActiveCfg = Debug|Any CPU
		{0AA0BFA5-04D5-4A94-A308-D0B39B136509}.Debug|Any CPU.Build.0 = Debug|Any CPU
		{0AA0BFA5-04D5-4A94-A308-D0B39B136509}.Release|Any CPU.ActiveCfg = Release|Any CPU
		{0AA0BFA5-04D5-4A94-A308-D0B39B136509}.Release|Any CPU.Build.0 = Release|Any CPU
	EndGlobalSection
	GlobalSection(SolutionProperties) = preSolution
		HideSolutionNode = FALSE
	EndGlobalSection
	GlobalSection(ExtensibilityGlobals) = postSolution
		SolutionGuid = {B1B05471-4722-46CD-979A-B1931B91F4E0}
	EndGlobalSection
EndGlobal
